
Microsoft Visual Studio Solution File, Format Version 12.00
# Visual Studio Version 16
VisualStudioVersion = 16.0.29911.84
MinimumVisualStudioVersion = 10.0.40219.1
Project("{FAE04EC0-301F-11D3-BF4B-00C04F79EFBC}") = "QRCodeReader", "QRCodeReader\QRCodeReader.csproj", "{029D74D6-E216-446A-A9B0-C7FE77F051CB}"
EndProject
Global
	GlobalSection(SolutionConfigurationPlatforms) = preSolution
		Debug|Any CPU = Debug|Any CPU
		Release|Any CPU = Release|Any CPU
	EndGlobalSection
	GlobalSection(ProjectConfigurationPlatforms) = postSolution
		{029D74D6-E216-446A-A9B0-C7FE77F051CB}.Debug|Any CPU.ActiveCfg = Debug|Any CPU
		{029D74D6-E216-446A-A9B0-C7FE77F051CB}.Debug|Any CPU.Build.0 = Debug|Any CPU
		{029D74D6-E216-446A-A9B0-C7FE77F051CB}.Release|Any CPU.ActiveCfg = Release|Any CPU
		{029D74D6-E216-446A-A9B0-C7FE77F051CB}.Release|Any CPU.Build.0 = Release|Any CPU
	EndGlobalSection
	GlobalSection(SolutionProperties) = preSolution
		HideSolutionNode = FALSE
	EndGlobalSection
	GlobalSection(ExtensibilityGlobals) = postSolution
		SolutionGuid = {24A94534-90AB-44E5-A69E-EA01FC23B41D}
	EndGlobalSection
EndGlobal
